
Microsoft Visual Studio Solution File, Format Version 11.00
# Visual Studio 2010
Project("{FAE04EC0-301F-11D3-BF4B-00C04F79EFBC}") = "MMoNetworkEngine", "MMoNetworkEngine.csproj", "{249A3587-9AF1-404F-9F6F-3DBEA671D4F5}"
EndProject
Global
	GlobalSection(SolutionConfigurationPlatforms) = preSolution
		Debug|Any CPU = Debug|Any CPU
		Release|Any CPU = Release|Any CPU
	EndGlobalSection
	GlobalSection(ProjectConfigurationPlatforms) = postSolution
		{249A3587-9AF1-404F-9F6F-3DBEA671D4F5}.Debug|Any CPU.ActiveCfg = Debug|Any CPU
		{249A3587-9AF1-404F-9F6F-3DBEA671D4F5}.Debug|Any CPU.Build.0 = Debug|Any CPU
		{249A3587-9AF1-404F-9F6F-3DBEA671D4F5}.Release|Any CPU.ActiveCfg = Release|Any CPU
		{249A3587-9AF1-404F-9F6F-3DBEA671D4F5}.Release|Any CPU.Build.0 = Release|Any CPU
	EndGlobalSection
	GlobalSection(SolutionProperties) = preSolution
		HideSolutionNode = FALSE
	EndGlobalSection
EndGlobal
